// !$*UTF8*$!
{
	archiveVersion = 1;
	classes = {
	};
	objectVersion = 48;
	objects = {

/* Begin PBXBuildFile section */
		E22764D620E40AFB00F2753D /* AppDelegate.swift in Sources */ = {isa = PBXBuildFile; fileRef = E22764D520E40AFB00F2753D /* AppDelegate.swift */; };
		E22764D820E40AFB00F2753D /* ViewController.swift in Sources */ = {isa = PBXBuildFile; fileRef = E22764D720E40AFB00F2753D /* ViewController.swift */; };
		E22764DB20E40AFB00F2753D /* Main.storyboard in Resources */ = {isa = PBXBuildFile; fileRef = E22764D920E40AFB00F2753D /* Main.storyboard */; };
		E22764DD20E40AFB00F2753D /* Assets.xcassets in Resources */ = {isa = PBXBuildFile; fileRef = E22764DC20E40AFB00F2753D /* Assets.xcassets */; };
		E22764E020E40AFB00F2753D /* LaunchScreen.storyboard in Resources */ = {isa = PBXBuildFile; fileRef = E22764DE20E40AFB00F2753D /* LaunchScreen.storyboard */; };
		E22764F320E40C5100F2753D /* DPCardNumberFormatter.swift in Sources */ = {isa = PBXBuildFile; fileRef = E22764E820E40C5100F2753D /* DPCardNumberFormatter.swift */; };
		E22764F420E40C5100F2753D /* DPRegularExpression.swift in Sources */ = {isa = PBXBuildFile; fileRef = E22764E920E40C5100F2753D /* DPRegularExpression.swift */; };
		E22764F520E40C5100F2753D /* DPExpiryDateFormater.swift in Sources */ = {isa = PBXBuildFile; fileRef = E22764EA20E40C5100F2753D /* DPExpiryDateFormater.swift */; };
		E22764F620E40C5100F2753D /* DPValidator.swift in Sources */ = {isa = PBXBuildFile; fileRef = E22764EB20E40C5100F2753D /* DPValidator.swift */; };
		E22764F720E40C5100F2753D /* DPTextFieldInputType.swift in Sources */ = {isa = PBXBuildFile; fileRef = E22764EC20E40C5100F2753D /* DPTextFieldInputType.swift */; };
		E22764F820E40C5100F2753D /* DPTextField.swift in Sources */ = {isa = PBXBuildFile; fileRef = E22764ED20E40C5100F2753D /* DPTextField.swift */; };
		E22764F920E40C5100F2753D /* .gitignore in Resources */ = {isa = PBXBuildFile; fileRef = E22764EE20E40C5100F2753D /* .gitignore */; };
		E22764FA20E40C5100F2753D /* DPTextFieldManager.swift in Sources */ = {isa = PBXBuildFile; fileRef = E22764EF20E40C5100F2753D /* DPTextFieldManager.swift */; };
		E22764FB20E40C5100F2753D /* DPFormatter.swift in Sources */ = {isa = PBXBuildFile; fileRef = E22764F020E40C5100F2753D /* DPFormatter.swift */; };
		E22764FC20E40C5100F2753D /* DPInputValidator.swift in Sources */ = {isa = PBXBuildFile; fileRef = E22764F120E40C5100F2753D /* DPInputValidator.swift */; };
		E22764FD20E40C5100F2753D /* DPValidationMessage.swift in Sources */ = {isa = PBXBuildFile; fileRef = E22764F220E40C5100F2753D /* DPValidationMessage.swift */; };
/* End PBXBuildFile section */

/* Begin PBXFileReference section */
		E22764D220E40AFB00F2753D /* DPTextFieldSwift.app */ = {isa = PBXFileReference; explicitFileType = wrapper.application; includeInIndex = 0; path = DPTextFieldSwift.app; sourceTree = BUILT_PRODUCTS_DIR; };
		E22764D520E40AFB00F2753D /* AppDelegate.swift */ = {isa = PBXFileReference; lastKnownFileType = sourcecode.swift; path = AppDelegate.swift; sourceTree = "<group>"; };
		E22764D720E40AFB00F2753D /* ViewController.swift */ = {isa = PBXFileReference; lastKnownFileType = sourcecode.swift; path = ViewController.swift; sourceTree = "<group>"; };
		E22764DA20E40AFB00F2753D /* Base */ = {isa = PBXFileReference; lastKnownFileType = file.storyboard; name = Base; path = Base.lproj/Main.storyboard; sourceTree = "<group>"; };
		E22764DC20E40AFB00F2753D /* Assets.xcassets */ = {isa = PBXFileReference; lastKnownFileType = folder.assetcatalog; path = Assets.xcassets; sourceTree = "<group>"; };
		E22764DF20E40AFB00F2753D /* Base */ = {isa = PBXFileReference; lastKnownFileType = file.storyboard; name = Base; path = Base.lproj/LaunchScreen.storyboard; sourceTree = "<group>"; };
		E22764E120E40AFB00F2753D /* Info.plist */ = {isa = PBXFileReference; lastKnownFileType = text.plist.xml; path = Info.plist; sourceTree = "<group>"; };
		E22764E820E40C5100F2753D /* DPCardNumberFormatter.swift */ = {isa = PBXFileReference; fileEncoding = 4; lastKnownFileType = sourcecode.swift; path = DPCardNumberFormatter.swift; sourceTree = "<group>"; };
		E22764E920E40C5100F2753D /* DPRegularExpression.swift */ = {isa = PBXFileReference; fileEncoding = 4; lastKnownFileType = sourcecode.swift; path = DPRegularExpression.swift; sourceTree = "<group>"; };
		E22764EA20E40C5100F2753D /* DPExpiryDateFormater.swift */ = {isa = PBXFileReference; fileEncoding = 4; lastKnownFileType = sourcecode.swift; path = DPExpiryDateFormater.swift; sourceTree = "<group>"; };
		E22764EB20E40C5100F2753D /* DPValidator.swift */ = {isa = PBXFileReference; fileEncoding = 4; lastKnownFileType = sourcecode.swift; path = DPValidator.swift; sourceTree = "<group>"; };
		E22764EC20E40C5100F2753D /* DPTextFieldInputType.swift */ = {isa = PBXFileReference; fileEncoding = 4; lastKnownFileType = sourcecode.swift; path = DPTextFieldInputType.swift; sourceTree = "<group>"; };
		E22764ED20E40C5100F2753D /* DPTextField.swift */ = {isa = PBXFileReference; fileEncoding = 4; lastKnownFileType = sourcecode.swift; path = DPTextField.swift; sourceTree = "<group>"; };
		E22764EE20E40C5100F2753D /* .gitignore */ = {isa = PBXFileReference; fileEncoding = 4; lastKnownFileType = text; path = .gitignore; sourceTree = "<group>"; };
		E22764EF20E40C5100F2753D /* DPTextFieldManager.swift */ = {isa = PBXFileReference; fileEncoding = 4; lastKnownFileType = sourcecode.swift; path = DPTextFieldManager.swift; sourceTree = "<group>"; };
		E22764F020E40C5100F2753D /* DPFormatter.swift */ = {isa = PBXFileReference; fileEncoding = 4; lastKnownFileType = sourcecode.swift; path = DPFormatter.swift; sourceTree = "<group>"; };
		E22764F120E40C5100F2753D /* DPInputValidator.swift */ = {isa = PBXFileReference; fileEncoding = 4; lastKnownFileType = sourcecode.swift; path = DPInputValidator.swift; sourceTree = "<group>"; };
		E22764F220E40C5100F2753D /* DPValidationMessage.swift */ = {isa = PBXFileReference; fileEncoding = 4; lastKnownFileType = sourcecode.swift; path = DPValidationMessage.swift; sourceTree = "<group>"; };
/* End PBXFileReference section */

/* Begin PBXFrameworksBuildPhase section */
		E22764CF20E40AFB00F2753D /* Frameworks */ = {
			isa = PBXFrameworksBuildPhase;
			buildActionMask = 2147483647;
			files = (
			);
			runOnlyForDeploymentPostprocessing = 0;
		};
/* End PBXFrameworksBuildPhase section */

/* Begin PBXGroup section */
		E22764C920E40AFB00F2753D = {
			isa = PBXGroup;
			children = (
				E22764E720E40C5100F2753D /* DPTextFieldSwift */,
				E22764D420E40AFB00F2753D /* DPTextField */,
				E22764D320E40AFB00F2753D /* Products */,
			);
			sourceTree = "<group>";
		};
		E22764D320E40AFB00F2753D /* Products */ = {
			isa = PBXGroup;
			children = (
				E22764D220E40AFB00F2753D /* DPTextFieldSwift.app */,
			);
			name = Products;
			sourceTree = "<group>";
		};
		E22764D420E40AFB00F2753D /* DPTextField */ = {
			isa = PBXGroup;
			children = (
				E22764D520E40AFB00F2753D /* AppDelegate.swift */,
				E22764D720E40AFB00F2753D /* ViewController.swift */,
				E22764D920E40AFB00F2753D /* Main.storyboard */,
				E22764DC20E40AFB00F2753D /* Assets.xcassets */,
				E22764DE20E40AFB00F2753D /* LaunchScreen.storyboard */,
				E22764E120E40AFB00F2753D /* Info.plist */,
			);
			path = DPTextField;
			sourceTree = "<group>";
		};
		E22764E720E40C5100F2753D /* DPTextFieldSwift */ = {
			isa = PBXGroup;
			children = (
				E22764E820E40C5100F2753D /* DPCardNumberFormatter.swift */,
				E22764E920E40C5100F2753D /* DPRegularExpression.swift */,
				E22764EA20E40C5100F2753D /* DPExpiryDateFormater.swift */,
				E22764EB20E40C5100F2753D /* DPValidator.swift */,
				E22764EC20E40C5100F2753D /* DPTextFieldInputType.swift */,
				E22764ED20E40C5100F2753D /* DPTextField.swift */,
				E22764EE20E40C5100F2753D /* .gitignore */,
				E22764EF20E40C5100F2753D /* DPTextFieldManager.swift */,
				E22764F020E40C5100F2753D /* DPFormatter.swift */,
				E22764F120E40C5100F2753D /* DPInputValidator.swift */,
				E22764F220E40C5100F2753D /* DPValidationMessage.swift */,
			);
			path = DPTextFieldSwift;
			sourceTree = "<group>";
		};
/* End PBXGroup section */

/* Begin PBXNativeTarget section */
		E22764D120E40AFB00F2753D /* DPTextFieldSwift */ = {
			isa = PBXNativeTarget;
			buildConfigurationList = E22764E420E40AFB00F2753D /* Build configuration list for PBXNativeTarget "DPTextFieldSwift" */;
			buildPhases = (
				E22764CE20E40AFB00F2753D /* Sources */,
				E22764CF20E40AFB00F2753D /* Frameworks */,
				E22764D020E40AFB00F2753D /* Resources */,
			);
			buildRules = (
			);
			dependencies = (
			);
			name = DPTextFieldSwift;
			productName = DPTextFieldSwift;
			productReference = E22764D220E40AFB00F2753D /* DPTextFieldSwift.app */;
			productType = "com.apple.product-type.application";
		};
/* End PBXNativeTarget section */

/* Begin PBXProject section */
		E22764CA20E40AFB00F2753D /* Project object */ = {
			isa = PBXProject;
			attributes = {
				LastSwiftUpdateCheck = 0920;
				LastUpgradeCheck = 0920;
				ORGANIZATIONNAME = Dharmesh;
				TargetAttributes = {
					E22764D120E40AFB00F2753D = {
						CreatedOnToolsVersion = 9.2;
						ProvisioningStyle = Automatic;
					};
				};
			};
			buildConfigurationList = E22764CD20E40AFB00F2753D /* Build configuration list for PBXProject "DPTextFieldSwift" */;
			compatibilityVersion = "Xcode 8.0";
			developmentRegion = en;
			hasScannedForEncodings = 0;
			knownRegions = (
				en,
				Base,
			);
			mainGroup = E22764C920E40AFB00F2753D;
			productRefGroup = E22764D320E40AFB00F2753D /* Products */;
			projectDirPath = "";
			projectRoot = "";
			targets = (
				E22764D120E40AFB00F2753D /* DPTextFieldSwift */,
			);
		};
/* End PBXProject section */

/* Begin PBXResourcesBuildPhase section */
		E22764D020E40AFB00F2753D /* Resources */ = {
			isa = PBXResourcesBuildPhase;
			buildActionMask = 2147483647;
			files = (
				E22764F920E40C5100F2753D /* .gitignore in Resources */,
				E22764E020E40AFB00F2753D /* LaunchScreen.storyboard in Resources */,
				E22764DD20E40AFB00F2753D /* Assets.xcassets in Resources */,
				E22764DB20E40AFB00F2753D /* Main.storyboard in Resources */,
			);
			runOnlyForDeploymentPostprocessing = 0;
		};
/* End PBXResourcesBuildPhase section */

/* Begin PBXSourcesBuildPhase section */
		E22764CE20E40AFB00F2753D /* Sources */ = {
			isa = PBXSourcesBuildPhase;
			buildActionMask = 2147483647;
			files = (
				E22764D820E40AFB00F2753D /* ViewController.swift in Sources */,
				E22764F820E40C5100F2753D /* DPTextField.swift in Sources */,
				E22764F320E40C5100F2753D /* DPCardNumberFormatter.swift in Sources */,
				E22764F720E40C5100F2753D /* DPTextFieldInputType.swift in Sources */,
				E22764FD20E40C5100F2753D /* DPValidationMessage.swift in Sources */,
				E22764FB20E40C5100F2753D /* DPFormatter.swift in Sources */,
				E22764FA20E40C5100F2753D /* DPTextFieldManager.swift in Sources */,
				E22764F420E40C5100F2753D /* DPRegularExpression.swift in Sources */,
				E22764F520E40C5100F2753D /* DPExpiryDateFormater.swift in Sources */,
				E22764F620E40C5100F2753D /* DPValidator.swift in Sources */,
				E22764D620E40AFB00F2753D /* AppDelegate.swift in Sources */,
				E22764FC20E40C5100F2753D /* DPInputValidator.swift in Sources */,
			);
			runOnlyForDeploymentPostprocessing = 0;
		};
/* End PBXSourcesBuildPhase section */

/* Begin PBXVariantGroup section */
		E22764D920E40AFB00F2753D /* Main.storyboard */ = {
			isa = PBXVariantGroup;
			children = (
				E22764DA20E40AFB00F2753D /* Base */,
			);
			name = Main.storyboard;
			sourceTree = "<group>";
		};
		E22764DE20E40AFB00F2753D /* LaunchScreen.storyboard */ = {
			isa = PBXVariantGroup;
			children = (
				E22764DF20E40AFB00F2753D /* Base */,
			);
			name = LaunchScreen.storyboard;
			sourceTree = "<group>";
		};
/* End PBXVariantGroup section */

/* Begin XCBuildConfiguration section */
		E22764E220E40AFB00F2753D /* Debug */ = {
			isa = XCBuildConfiguration;
			buildSettings = {
				ALWAYS_SEARCH_USER_PATHS = NO;
				CLANG_ANALYZER_NONNULL = YES;
				CLANG_ANALYZER_NUMBER_OBJECT_CONVERSION = YES_AGGRESSIVE;
				CLANG_CXX_LANGUAGE_STANDARD = "gnu++14";
				CLANG_CXX_LIBRARY = "libc++";
				CLANG_ENABLE_MODULES = YES;
				CLANG_ENABLE_OBJC_ARC = YES;
				CLANG_WARN_BLOCK_CAPTURE_AUTORELEASING = YES;
				CLANG_WARN_BOOL_CONVERSION = YES;
				CLANG_WARN_COMMA = YES;
				CLANG_WARN_CONSTANT_CONVERSION = YES;
				CLANG_WARN_DIRECT_OBJC_ISA_USAGE = YES_ERROR;
				CLANG_WARN_DOCUMENTATION_COMMENTS = YES;
				CLANG_WARN_EMPTY_BODY = YES;
				CLANG_WARN_ENUM_CONVERSION = YES;
				CLANG_WARN_INFINITE_RECURSION = YES;
				CLANG_WARN_INT_CONVERSION = YES;
				CLANG_WARN_NON_LITERAL_NULL_CONVERSION = YES;
				CLANG_WARN_OBJC_LITERAL_CONVERSION = YES;
				CLANG_WARN_OBJC_ROOT_CLASS = YES_ERROR;
				CLANG_WARN_RANGE_LOOP_ANALYSIS = YES;
				CLANG_WARN_STRICT_PROTOTYPES = YES;
				CLANG_WARN_SUSPICIOUS_MOVE = YES;
				CLANG_WARN_UNGUARDED_AVAILABILITY = YES_AGGRESSIVE;
				CLANG_WARN_UNREACHABLE_CODE = YES;
				CLANG_WARN__DUPLICATE_METHOD_MATCH = YES;
				CODE_SIGN_IDENTITY = "iPhone Developer";
				COPY_PHASE_STRIP = NO;
				DEBUG_INFORMATION_FORMAT = dwarf;
				ENABLE_STRICT_OBJC_MSGSEND = YES;
				ENABLE_TESTABILITY = YES;
				GCC_C_LANGUAGE_STANDARD = gnu11;
				GCC_DYNAMIC_NO_PIC = NO;
				GCC_NO_COMMON_BLOCKS = YES;
				GCC_OPTIMIZATION_LEVEL = 0;
				GCC_PREPROCESSOR_DEFINITIONS = (
					"DEBUG=1",
					"$(inherited)",
				);
				GCC_WARN_64_TO_32_BIT_CONVERSION = YES;
				GCC_WARN_ABOUT_RETURN_TYPE = YES_ERROR;
				GCC_WARN_UNDECLARED_SELECTOR = YES;
				GCC_WARN_UNINITIALIZED_AUTOS = YES_AGGRESSIVE;
				GCC_WARN_UNUSED_FUNCTION = YES;
				GCC_WARN_UNUSED_VARIABLE = YES;
				IPHONEOS_DEPLOYMENT_TARGET = 11.2;
				MTL_ENABLE_DEBUG_INFO = YES;
				ONLY_ACTIVE_ARCH = YES;
				SDKROOT = iphoneos;
				SWIFT_ACTIVE_COMPILATION_CONDITIONS = DEBUG;
				SWIFT_OPTIMIZATION_LEVEL = "-Onone";
			};
			name = Debug;
		};
		E22764E320E40AFB00F2753D /* Release */ = {
			isa = XCBuildConfiguration;
			buildSettings = {
				ALWAYS_SEARCH_USER_PATHS = NO;
				CLANG_ANALYZER_NONNULL = YES;
				CLANG_ANALYZER_NUMBER_OBJECT_CONVERSION = YES_AGGRESSIVE;
				CLANG_CXX_LANGUAGE_STANDARD = "gnu++14";
				CLANG_CXX_LIBRARY = "libc++";
				CLANG_ENABLE_MODULES = YES;
				CLANG_ENABLE_OBJC_ARC = YES;
				CLANG_WARN_BLOCK_CAPTURE_AUTORELEASING = YES;
				CLANG_WARN_BOOL_CONVERSION = YES;
				CLANG_WARN_COMMA = YES;
				CLANG_WARN_CONSTANT_CONVERSION = YES;
				CLANG_WARN_DIRECT_OBJC_ISA_USAGE = YES_ERROR;
				CLANG_WARN_DOCUMENTATION_COMMENTS = YES;
				CLANG_WARN_EMPTY_BODY = YES;
				CLANG_WARN_ENUM_CONVERSION = YES;
				CLANG_WARN_INFINITE_RECURSION = YES;
				CLANG_WARN_INT_CONVERSION = YES;
				CLANG_WARN_NON_LITERAL_NULL_CONVERSION = YES;
				CLANG_WARN_OBJC_LITERAL_CONVERSION = YES;
				CLANG_WARN_OBJC_ROOT_CLASS = YES_ERROR;
				CLANG_WARN_RANGE_LOOP_ANALYSIS = YES;
				CLANG_WARN_STRICT_PROTOTYPES = YES;
				CLANG_WARN_SUSPICIOUS_MOVE = YES;
				CLANG_WARN_UNGUARDED_AVAILABILITY = YES_AGGRESSIVE;
				CLANG_WARN_UNREACHABLE_CODE = YES;
				CLANG_WARN__DUPLICATE_METHOD_MATCH = YES;
				CODE_SIGN_IDENTITY = "iPhone Developer";
				COPY_PHASE_STRIP = NO;
				DEBUG_INFORMATION_FORMAT = "dwarf-with-dsym";
				ENABLE_NS_ASSERTIONS = NO;
				ENABLE_STRICT_OBJC_MSGSEND = YES;
				GCC_C_LANGUAGE_STANDARD = gnu11;
				GCC_NO_COMMON_BLOCKS = YES;
				GCC_WARN_64_TO_32_BIT_CONVERSION = YES;
				GCC_WARN_ABOUT_RETURN_TYPE = YES_ERROR;
				GCC_WARN_UNDECLARED_SELECTOR = YES;
				GCC_WARN_UNINITIALIZED_AUTOS = YES_AGGRESSIVE;
				GCC_WARN_UNUSED_FUNCTION = YES;
				GCC_WARN_UNUSED_VARIABLE = YES;
				IPHONEOS_DEPLOYMENT_TARGET = 11.2;
				MTL_ENABLE_DEBUG_INFO = NO;
				SDKROOT = iphoneos;
				SWIFT_OPTIMIZATION_LEVEL = "-Owholemodule";
				VALIDATE_PRODUCT = YES;
			};
			name = Release;
		};
		E22764E520E40AFB00F2753D /* Debug */ = {
			isa = XCBuildConfiguration;
			buildSettings = {
				ASSETCATALOG_COMPILER_APPICON_NAME = AppIcon;
				CODE_SIGN_STYLE = Automatic;
				INFOPLIST_FILE = DPTextFieldSwift/Info.plist;
				LD_RUNPATH_SEARCH_PATHS = "$(inherited) @executable_path/Frameworks";
				PRODUCT_BUNDLE_IDENTIFIER = com.Dharmesh.DPTextFieldSwift;
				PRODUCT_NAME = "$(TARGET_NAME)";
				SWIFT_VERSION = 4.0;
				TARGETED_DEVICE_FAMILY = "1,2";
			};
			name = Debug;
		};
		E22764E620E40AFB00F2753D /* Release */ = {
			isa = XCBuildConfiguration;
			buildSettings = {
				ASSETCATALOG_COMPILER_APPICON_NAME = AppIcon;
				CODE_SIGN_STYLE = Automatic;
				INFOPLIST_FILE = DPTextFieldSwift/Info.plist;
				LD_RUNPATH_SEARCH_PATHS = "$(inherited) @executable_path/Frameworks";
				PRODUCT_BUNDLE_IDENTIFIER = com.Dharmesh.DPTextFieldSwift;
				PRODUCT_NAME = "$(TARGET_NAME)";
				SWIFT_VERSION = 4.0;
				TARGETED_DEVICE_FAMILY = "1,2";
			};
			name = Release;
		};
/* End XCBuildConfiguration section */

/* Begin XCConfigurationList section */
		E22764CD20E40AFB00F2753D /* Build configuration list for PBXProject "DPTextFieldSwift" */ = {
			isa = XCConfigurationList;
			buildConfigurations = (
				E22764E220E40AFB00F2753D /* Debug */,
				E22764E320E40AFB00F2753D /* Release */,
			);
			defaultConfigurationIsVisible = 0;
			defaultConfigurationName = Release;
		};
		E22764E420E40AFB00F2753D /* Build configuration list for PBXNativeTarget "DPTextFieldSwift" */ = {
			isa = XCConfigurationList;
			buildConfigurations = (
				E22764E520E40AFB00F2753D /* Debug */,
				E22764E620E40AFB00F2753D /* Release */,
			);
			defaultConfigurationIsVisible = 0;
			defaultConfigurationName = Release;
		};
/* End XCConfigurationList section */
	};
	rootObject = E22764CA20E40AFB00F2753D /* Project object */;
}
